// !$*UTF8*$!
{
	archiveVersion = 1;
	classes = {
	};
	objectVersion = 56;
	objects = {

/* Begin PBXBuildFile section */
		187E1F0D453ED972D6891CC4 /* Pods_C41Demo_C41DemoUITests.framework in Frameworks */ = {isa = PBXBuildFile; fileRef = 0A172B77BBFE145311E1AA6D /* Pods_C41Demo_C41DemoUITests.framework */; };
		455862120120E160AADAC4C8 /* Pods_C41DemoTests.framework in Frameworks */ = {isa = PBXBuildFile; fileRef = 40BBEC3828A7FBD5F3543B3A /* Pods_C41DemoTests.framework */; };
		8DE8352C9CD7F14F1BDC4DAC /* Pods_C41Demo.framework in Frameworks */ = {isa = PBXBuildFile; fileRef = BB0E0FA9369A7F8B98836999 /* Pods_C41Demo.framework */; };
		E4BD87742CB6A08A001D0C96 /* AppDelegate.m in Sources */ = {isa = PBXBuildFile; fileRef = E4BD87672CB6A08A001D0C96 /* AppDelegate.m */; };
		E4BD87752CB6A08A001D0C96 /* main.m in Sources */ = {isa = PBXBuildFile; fileRef = E4BD876C2CB6A08A001D0C96 /* main.m */; };
		E4BD87762CB6A08A001D0C96 /* SceneDelegate.m in Sources */ = {isa = PBXBuildFile; fileRef = E4BD87702CB6A08A001D0C96 /* SceneDelegate.m */; };
		E4BD87772CB6A08A001D0C96 /* ViewController.m in Sources */ = {isa = PBXBuildFile; fileRef = E4BD87722CB6A08A001D0C96 /* ViewController.m */; };
		E4BD87782CB6A08A001D0C96 /* Assets.xcassets in Resources */ = {isa = PBXBuildFile; fileRef = E4BD87682CB6A08A001D0C96 /* Assets.xcassets */; };
		E4BD877A2CB6A08A001D0C96 /* LaunchScreen.storyboard in Resources */ = {isa = PBXBuildFile; fileRef = E4BD876B2CB6A08A001D0C96 /* LaunchScreen.storyboard */; };
		E4BD877B2CB6A08A001D0C96 /* Main.storyboard in Resources */ = {isa = PBXBuildFile; fileRef = E4BD876E2CB6A08A001D0C96 /* Main.storyboard */; };
		E4BD87802CB7B82F001D0C96 /* QYDataCacheStore.m in Sources */ = {isa = PBXBuildFile; fileRef = E4BD877F2CB7B82F001D0C96 /* QYDataCacheStore.m */; };
/* End PBXBuildFile section */

/* Begin PBXContainerItemProxy section */
		E4BD87242CB6843E001D0C96 /* PBXContainerItemProxy */ = {
			isa = PBXContainerItemProxy;
			containerPortal = E4BD87002CB6843B001D0C96 /* Project object */;
			proxyType = 1;
			remoteGlobalIDString = E4BD87072CB6843B001D0C96;
			remoteInfo = C41Demo;
		};
		E4BD872E2CB6843E001D0C96 /* PBXContainerItemProxy */ = {
			isa = PBXContainerItemProxy;
			containerPortal = E4BD87002CB6843B001D0C96 /* Project object */;
			proxyType = 1;
			remoteGlobalIDString = E4BD87072CB6843B001D0C96;
			remoteInfo = C41Demo;
		};
/* End PBXContainerItemProxy section */

/* Begin PBXFileReference section */
		0036883C8ECE1930242C744D /* Pods-C41Demo-C41DemoUITests.debug.xcconfig */ = {isa = PBXFileReference; includeInIndex = 1; lastKnownFileType = text.xcconfig; name = "Pods-C41Demo-C41DemoUITests.debug.xcconfig"; path = "Target Support Files/Pods-C41Demo-C41DemoUITests/Pods-C41Demo-C41DemoUITests.debug.xcconfig"; sourceTree = "<group>"; };
		0A172B77BBFE145311E1AA6D /* Pods_C41Demo_C41DemoUITests.framework */ = {isa = PBXFileReference; explicitFileType = wrapper.framework; includeInIndex = 0; path = Pods_C41Demo_C41DemoUITests.framework; sourceTree = BUILT_PRODUCTS_DIR; };
		345BA4F0DE9AD5388F3A0CB6 /* Pods-C41DemoTests.debug.xcconfig */ = {isa = PBXFileReference; includeInIndex = 1; lastKnownFileType = text.xcconfig; name = "Pods-C41DemoTests.debug.xcconfig"; path = "Target Support Files/Pods-C41DemoTests/Pods-C41DemoTests.debug.xcconfig"; sourceTree = "<group>"; };
		40BBEC3828A7FBD5F3543B3A /* Pods_C41DemoTests.framework */ = {isa = PBXFileReference; explicitFileType = wrapper.framework; includeInIndex = 0; path = Pods_C41DemoTests.framework; sourceTree = BUILT_PRODUCTS_DIR; };
		4C22AF5319FB1E02E6B1756B /* Pods-C41DemoTests.release.xcconfig */ = {isa = PBXFileReference; includeInIndex = 1; lastKnownFileType = text.xcconfig; name = "Pods-C41DemoTests.release.xcconfig"; path = "Target Support Files/Pods-C41DemoTests/Pods-C41DemoTests.release.xcconfig"; sourceTree = "<group>"; };
		5FE5CE2E6CC3A895CED922EC /* Pods-C41Demo-C41DemoUITests.release.xcconfig */ = {isa = PBXFileReference; includeInIndex = 1; lastKnownFileType = text.xcconfig; name = "Pods-C41Demo-C41DemoUITests.release.xcconfig"; path = "Target Support Files/Pods-C41Demo-C41DemoUITests/Pods-C41Demo-C41DemoUITests.release.xcconfig"; sourceTree = "<group>"; };
		7E60660A64008640E27E1558 /* Pods-C41Demo.debug.xcconfig */ = {isa = PBXFileReference; includeInIndex = 1; lastKnownFileType = text.xcconfig; name = "Pods-C41Demo.debug.xcconfig"; path = "Target Support Files/Pods-C41Demo/Pods-C41Demo.debug.xcconfig"; sourceTree = "<group>"; };
		7F08960BF0E39CC3C7A487FE /* Pods-C41Demo.release.xcconfig */ = {isa = PBXFileReference; includeInIndex = 1; lastKnownFileType = text.xcconfig; name = "Pods-C41Demo.release.xcconfig"; path = "Target Support Files/Pods-C41Demo/Pods-C41Demo.release.xcconfig"; sourceTree = "<group>"; };
		BB0E0FA9369A7F8B98836999 /* Pods_C41Demo.framework */ = {isa = PBXFileReference; explicitFileType = wrapper.framework; includeInIndex = 0; path = Pods_C41Demo.framework; sourceTree = BUILT_PRODUCTS_DIR; };
		E4BD87082CB6843B001D0C96 /* C41Demo.app */ = {isa = PBXFileReference; explicitFileType = wrapper.application; includeInIndex = 0; path = C41Demo.app; sourceTree = BUILT_PRODUCTS_DIR; };
		E4BD87232CB6843E001D0C96 /* C41DemoTests.xctest */ = {isa = PBXFileReference; explicitFileType = wrapper.cfbundle; includeInIndex = 0; path = C41DemoTests.xctest; sourceTree = BUILT_PRODUCTS_DIR; };
		E4BD872D2CB6843E001D0C96 /* C41DemoUITests.xctest */ = {isa = PBXFileReference; explicitFileType = wrapper.cfbundle; includeInIndex = 0; path = C41DemoUITests.xctest; sourceTree = BUILT_PRODUCTS_DIR; };
		E4BD87662CB6A08A001D0C96 /* AppDelegate.h */ = {isa = PBXFileReference; lastKnownFileType = sourcecode.c.h; path = AppDelegate.h; sourceTree = "<group>"; };
		E4BD87672CB6A08A001D0C96 /* AppDelegate.m */ = {isa = PBXFileReference; lastKnownFileType = sourcecode.c.objc; path = AppDelegate.m; sourceTree = "<group>"; };
		E4BD87682CB6A08A001D0C96 /* Assets.xcassets */ = {isa = PBXFileReference; lastKnownFileType = folder.assetcatalog; path = Assets.xcassets; sourceTree = "<group>"; };
		E4BD87692CB6A08A001D0C96 /* Info.plist */ = {isa = PBXFileReference; lastKnownFileType = text.plist.xml; path = Info.plist; sourceTree = "<group>"; };
		E4BD876A2CB6A08A001D0C96 /* Base */ = {isa = PBXFileReference; lastKnownFileType = file.storyboard; name = Base; path = Base.lproj/LaunchScreen.storyboard; sourceTree = "<group>"; };
		E4BD876C2CB6A08A001D0C96 /* main.m */ = {isa = PBXFileReference; lastKnownFileType = sourcecode.c.objc; path = main.m; sourceTree = "<group>"; };
		E4BD876D2CB6A08A001D0C96 /* Base */ = {isa = PBXFileReference; lastKnownFileType = file.storyboard; name = Base; path = Base.lproj/Main.storyboard; sourceTree = "<group>"; };
		E4BD876F2CB6A08A001D0C96 /* SceneDelegate.h */ = {isa = PBXFileReference; lastKnownFileType = sourcecode.c.h; path = SceneDelegate.h; sourceTree = "<group>"; };
		E4BD87702CB6A08A001D0C96 /* SceneDelegate.m */ = {isa = PBXFileReference; lastKnownFileType = sourcecode.c.objc; path = SceneDelegate.m; sourceTree = "<group>"; };
		E4BD87712CB6A08A001D0C96 /* ViewController.h */ = {isa = PBXFileReference; lastKnownFileType = sourcecode.c.h; path = ViewController.h; sourceTree = "<group>"; };
		E4BD87722CB6A08A001D0C96 /* ViewController.m */ = {isa = PBXFileReference; lastKnownFileType = sourcecode.c.objc; path = ViewController.m; sourceTree = "<group>"; };
		E4BD877E2CB7B82F001D0C96 /* QYDataCacheStore.h */ = {isa = PBXFileReference; lastKnownFileType = sourcecode.c.h; path = QYDataCacheStore.h; sourceTree = "<group>"; };
		E4BD877F2CB7B82F001D0C96 /* QYDataCacheStore.m */ = {isa = PBXFileReference; lastKnownFileType = sourcecode.c.objc; path = QYDataCacheStore.m; sourceTree = "<group>"; };
/* End PBXFileReference section */

/* Begin PBXFrameworksBuildPhase section */
		E4BD87052CB6843B001D0C96 /* Frameworks */ = {
			isa = PBXFrameworksBuildPhase;
			buildActionMask = 2147483647;
			files = (
				8DE8352C9CD7F14F1BDC4DAC /* Pods_C41Demo.framework in Frameworks */,
			);
			runOnlyForDeploymentPostprocessing = 0;
		};
		E4BD87202CB6843E001D0C96 /* Frameworks */ = {
			isa = PBXFrameworksBuildPhase;
			buildActionMask = 2147483647;
			files = (
				455862120120E160AADAC4C8 /* Pods_C41DemoTests.framework in Frameworks */,
			);
			runOnlyForDeploymentPostprocessing = 0;
		};
		E4BD872A2CB6843E001D0C96 /* Frameworks */ = {
			isa = PBXFrameworksBuildPhase;
			buildActionMask = 2147483647;
			files = (
				187E1F0D453ED972D6891CC4 /* Pods_C41Demo_C41DemoUITests.framework in Frameworks */,
			);
			runOnlyForDeploymentPostprocessing = 0;
		};
/* End PBXFrameworksBuildPhase section */

/* Begin PBXGroup section */
		2F2199126F0E5E9B56EDC235 /* Frameworks */ = {
			isa = PBXGroup;
			children = (
				BB0E0FA9369A7F8B98836999 /* Pods_C41Demo.framework */,
				0A172B77BBFE145311E1AA6D /* Pods_C41Demo_C41DemoUITests.framework */,
				40BBEC3828A7FBD5F3543B3A /* Pods_C41DemoTests.framework */,
			);
			name = Frameworks;
			sourceTree = "<group>";
		};
		AC8E17D4DB9AB8DF52379101 /* Pods */ = {
			isa = PBXGroup;
			children = (
				7E60660A64008640E27E1558 /* Pods-C41Demo.debug.xcconfig */,
				7F08960BF0E39CC3C7A487FE /* Pods-C41Demo.release.xcconfig */,
				0036883C8ECE1930242C744D /* Pods-C41Demo-C41DemoUITests.debug.xcconfig */,
				5FE5CE2E6CC3A895CED922EC /* Pods-C41Demo-C41DemoUITests.release.xcconfig */,
				345BA4F0DE9AD5388F3A0CB6 /* Pods-C41DemoTests.debug.xcconfig */,
				4C22AF5319FB1E02E6B1756B /* Pods-C41DemoTests.release.xcconfig */,
			);
			path = Pods;
			sourceTree = "<group>";
		};
		E4BD86FF2CB6843B001D0C96 = {
			isa = PBXGroup;
			children = (
				E4BD87732CB6A08A001D0C96 /* C41Demo */,
				E4BD87262CB6843E001D0C96 /* C41DemoTests */,
				E4BD87302CB6843E001D0C96 /* C41DemoUITests */,
				E4BD87092CB6843B001D0C96 /* Products */,
				AC8E17D4DB9AB8DF52379101 /* Pods */,
				2F2199126F0E5E9B56EDC235 /* Frameworks */,
			);
			sourceTree = "<group>";
		};
		E4BD87092CB6843B001D0C96 /* Products */ = {
			isa = PBXGroup;
			children = (
				E4BD87082CB6843B001D0C96 /* C41Demo.app */,
				E4BD87232CB6843E001D0C96 /* C41DemoTests.xctest */,
				E4BD872D2CB6843E001D0C96 /* C41DemoUITests.xctest */,
			);
			name = Products;
			sourceTree = "<group>";
		};
		E4BD87262CB6843E001D0C96 /* C41DemoTests */ = {
			isa = PBXGroup;
			children = (
			);
			path = C41DemoTests;
			sourceTree = "<group>";
		};
		E4BD87302CB6843E001D0C96 /* C41DemoUITests */ = {
			isa = PBXGroup;
			children = (
			);
			path = C41DemoUITests;
			sourceTree = "<group>";
		};
		E4BD87732CB6A08A001D0C96 /* C41Demo */ = {
			isa = PBXGroup;
			children = (
				E4BD87822CB7C7D4001D0C96 /* Libs */,
				E4BD87662CB6A08A001D0C96 /* AppDelegate.h */,
				E4BD87672CB6A08A001D0C96 /* AppDelegate.m */,
				E4BD877E2CB7B82F001D0C96 /* QYDataCacheStore.h */,
				E4BD877F2CB7B82F001D0C96 /* QYDataCacheStore.m */,
				E4BD87682CB6A08A001D0C96 /* Assets.xcassets */,
				E4BD87692CB6A08A001D0C96 /* Info.plist */,
				E4BD876B2CB6A08A001D0C96 /* LaunchScreen.storyboard */,
				E4BD876C2CB6A08A001D0C96 /* main.m */,
				E4BD876E2CB6A08A001D0C96 /* Main.storyboard */,
				E4BD876F2CB6A08A001D0C96 /* SceneDelegate.h */,
				E4BD87702CB6A08A001D0C96 /* SceneDelegate.m */,
				E4BD87712CB6A08A001D0C96 /* ViewController.h */,
				E4BD87722CB6A08A001D0C96 /* ViewController.m */,
			);
			path = C41Demo;
			sourceTree = "<group>";
		};
		E4BD87822CB7C7D4001D0C96 /* Libs */ = {
			isa = PBXGroup;
			children = (
			);
			path = Libs;
			sourceTree = "<group>";
		};
/* End PBXGroup section */

/* Begin PBXNativeTarget section */
		E4BD87072CB6843B001D0C96 /* C41Demo */ = {
			isa = PBXNativeTarget;
			buildConfigurationList = E4BD87362CB6843E001D0C96 /* Build configuration list for PBXNativeTarget "C41Demo" */;
			buildPhases = (
				D86D07FFAFCCCA9D0B8F9C0D /* [CP] Check Pods Manifest.lock */,
				E4BD87042CB6843B001D0C96 /* Sources */,
				E4BD87052CB6843B001D0C96 /* Frameworks */,
				E4BD87062CB6843B001D0C96 /* Resources */,
			);
			buildRules = (
			);
			dependencies = (
			);
			name = C41Demo;
			productName = C41Demo;
			productReference = E4BD87082CB6843B001D0C96 /* C41Demo.app */;
			productType = "com.apple.product-type.application";
		};
		E4BD87222CB6843E001D0C96 /* C41DemoTests */ = {
			isa = PBXNativeTarget;
			buildConfigurationList = E4BD873B2CB6843E001D0C96 /* Build configuration list for PBXNativeTarget "C41DemoTests" */;
			buildPhases = (
				8C276A45669FFD82E68117B2 /* [CP] Check Pods Manifest.lock */,
				E4BD871F2CB6843E001D0C96 /* Sources */,
				E4BD87202CB6843E001D0C96 /* Frameworks */,
				E4BD87212CB6843E001D0C96 /* Resources */,
				0F90BD63E9C9F226AEBE64EB /* [CP] Embed Pods Frameworks */,
				9819D14A5D5E42C6A2EE60A8 /* [CP] Copy Pods Resources */,
			);
			buildRules = (
			);
			dependencies = (
				E4BD87252CB6843E001D0C96 /* PBXTargetDependency */,
			);
			name = C41DemoTests;
			productName = C41DemoTests;
			productReference = E4BD87232CB6843E001D0C96 /* C41DemoTests.xctest */;
			productType = "com.apple.product-type.bundle.unit-test";
		};
		E4BD872C2CB6843E001D0C96 /* C41DemoUITests */ = {
			isa = PBXNativeTarget;
			buildConfigurationList = E4BD873E2CB6843E001D0C96 /* Build configuration list for PBXNativeTarget "C41DemoUITests" */;
			buildPhases = (
				C0606972BAEC614B4BF05FF5 /* [CP] Check Pods Manifest.lock */,
				E4BD87292CB6843E001D0C96 /* Sources */,
				E4BD872A2CB6843E001D0C96 /* Frameworks */,
				E4BD872B2CB6843E001D0C96 /* Resources */,
				401AA607DBED9F772CEEB3E1 /* [CP] Embed Pods Frameworks */,
			);
			buildRules = (
			);
			dependencies = (
				E4BD872F2CB6843E001D0C96 /* PBXTargetDependency */,
			);
			name = C41DemoUITests;
			productName = C41DemoUITests;
			productReference = E4BD872D2CB6843E001D0C96 /* C41DemoUITests.xctest */;
			productType = "com.apple.product-type.bundle.ui-testing";
		};
/* End PBXNativeTarget section */

/* Begin PBXProject section */
		E4BD87002CB6843B001D0C96 /* Project object */ = {
			isa = PBXProject;
			attributes = {
				BuildIndependentTargetsInParallel = 1;
				LastUpgradeCheck = 1600;
				TargetAttributes = {
					E4BD87072CB6843B001D0C96 = {
						CreatedOnToolsVersion = 16.0;
					};
					E4BD87222CB6843E001D0C96 = {
						CreatedOnToolsVersion = 16.0;
						TestTargetID = E4BD87072CB6843B001D0C96;
					};
					E4BD872C2CB6843E001D0C96 = {
						CreatedOnToolsVersion = 16.0;
						TestTargetID = E4BD87072CB6843B001D0C96;
					};
				};
			};
			buildConfigurationList = E4BD87032CB6843B001D0C96 /* Build configuration list for PBXProject "C41Demo" */;
			compatibilityVersion = "Xcode 14.0";
			developmentRegion = en;
			hasScannedForEncodings = 0;
			knownRegions = (
				en,
				Base,
			);
			mainGroup = E4BD86FF2CB6843B001D0C96;
			productRefGroup = E4BD87092CB6843B001D0C96 /* Products */;
			projectDirPath = "";
			projectRoot = "";
			targets = (
				E4BD87072CB6843B001D0C96 /* C41Demo */,
				E4BD87222CB6843E001D0C96 /* C41DemoTests */,
				E4BD872C2CB6843E001D0C96 /* C41DemoUITests */,
			);
		};
/* End PBXProject section */

/* Begin PBXResourcesBuildPhase section */
		E4BD87062CB6843B001D0C96 /* Resources */ = {
			isa = PBXResourcesBuildPhase;
			buildActionMask = 2147483647;
			files = (
				E4BD87782CB6A08A001D0C96 /* Assets.xcassets in Resources */,
				E4BD877A2CB6A08A001D0C96 /* LaunchScreen.storyboard in Resources */,
				E4BD877B2CB6A08A001D0C96 /* Main.storyboard in Resources */,
			);
			runOnlyForDeploymentPostprocessing = 0;
		};
		E4BD87212CB6843E001D0C96 /* Resources */ = {
			isa = PBXResourcesBuildPhase;
			buildActionMask = 2147483647;
			files = (
			);
			runOnlyForDeploymentPostprocessing = 0;
		};
		E4BD872B2CB6843E001D0C96 /* Resources */ = {
			isa = PBXResourcesBuildPhase;
			buildActionMask = 2147483647;
			files = (
			);
			runOnlyForDeploymentPostprocessing = 0;
		};
/* End PBXResourcesBuildPhase section */

/* Begin PBXShellScriptBuildPhase section */
		0F90BD63E9C9F226AEBE64EB /* [CP] Embed Pods Frameworks */ = {
			isa = PBXShellScriptBuildPhase;
			buildActionMask = 2147483647;
			files = (
			);
			inputFileListPaths = (
				"${PODS_ROOT}/Target Support Files/Pods-C41DemoTests/Pods-C41DemoTests-frameworks-${CONFIGURATION}-input-files.xcfilelist",
			);
			name = "[CP] Embed Pods Frameworks";
			outputFileListPaths = (
				"${PODS_ROOT}/Target Support Files/Pods-C41DemoTests/Pods-C41DemoTests-frameworks-${CONFIGURATION}-output-files.xcfilelist",
			);
			runOnlyForDeploymentPostprocessing = 0;
			shellPath = /bin/sh;
			shellScript = "\"${PODS_ROOT}/Target Support Files/Pods-C41DemoTests/Pods-C41DemoTests-frameworks.sh\"\n";
			showEnvVarsInLog = 0;
		};
		401AA607DBED9F772CEEB3E1 /* [CP] Embed Pods Frameworks */ = {
			isa = PBXShellScriptBuildPhase;
			buildActionMask = 2147483647;
			files = (
			);
			inputFileListPaths = (
				"${PODS_ROOT}/Target Support Files/Pods-C41Demo-C41DemoUITests/Pods-C41Demo-C41DemoUITests-frameworks-${CONFIGURATION}-input-files.xcfilelist",
			);
			name = "[CP] Embed Pods Frameworks";
			outputFileListPaths = (
				"${PODS_ROOT}/Target Support Files/Pods-C41Demo-C41DemoUITests/Pods-C41Demo-C41DemoUITests-frameworks-${CONFIGURATION}-output-files.xcfilelist",
			);
			runOnlyForDeploymentPostprocessing = 0;
			shellPath = /bin/sh;
			shellScript = "\"${PODS_ROOT}/Target Support Files/Pods-C41Demo-C41DemoUITests/Pods-C41Demo-C41DemoUITests-frameworks.sh\"\n";
			showEnvVarsInLog = 0;
		};
		8C276A45669FFD82E68117B2 /* [CP] Check Pods Manifest.lock */ = {
			isa = PBXShellScriptBuildPhase;
			buildActionMask = 2147483647;
			files = (
			);
			inputFileListPaths = (
			);
			inputPaths = (
				"${PODS_PODFILE_DIR_PATH}/Podfile.lock",
				"${PODS_ROOT}/Manifest.lock",
			);
			name = "[CP] Check Pods Manifest.lock";
			outputFileListPaths = (
			);
			outputPaths = (
				"$(DERIVED_FILE_DIR)/Pods-C41DemoTests-checkManifestLockResult.txt",
			);
			runOnlyForDeploymentPostprocessing = 0;
			shellPath = /bin/sh;
			shellScript = "diff \"${PODS_PODFILE_DIR_PATH}/Podfile.lock\" \"${PODS_ROOT}/Manifest.lock\" > /dev/null\nif [ $? != 0 ] ; then\n    # print error to STDERR\n    echo \"error: The sandbox is not in sync with the Podfile.lock. Run 'pod install' or update your CocoaPods installation.\" >&2\n    exit 1\nfi\n# This output is used by Xcode 'outputs' to avoid re-running this script phase.\necho \"SUCCESS\" > \"${SCRIPT_OUTPUT_FILE_0}\"\n";
			showEnvVarsInLog = 0;
		};
		9819D14A5D5E42C6A2EE60A8 /* [CP] Copy Pods Resources */ = {
			isa = PBXShellScriptBuildPhase;
			buildActionMask = 2147483647;
			files = (
			);
			inputFileListPaths = (
				"${PODS_ROOT}/Target Support Files/Pods-C41DemoTests/Pods-C41DemoTests-resources-${CONFIGURATION}-input-files.xcfilelist",
			);
			name = "[CP] Copy Pods Resources";
			outputFileListPaths = (
				"${PODS_ROOT}/Target Support Files/Pods-C41DemoTests/Pods-C41DemoTests-resources-${CONFIGURATION}-output-files.xcfilelist",
			);
			runOnlyForDeploymentPostprocessing = 0;
			shellPath = /bin/sh;
			shellScript = "\"${PODS_ROOT}/Target Support Files/Pods-C41DemoTests/Pods-C41DemoTests-resources.sh\"\n";
			showEnvVarsInLog = 0;
		};
		C0606972BAEC614B4BF05FF5 /* [CP] Check Pods Manifest.lock */ = {
			isa = PBXShellScriptBuildPhase;
			buildActionMask = 2147483647;
			files = (
			);
			inputFileListPaths = (
			);
			inputPaths = (
				"${PODS_PODFILE_DIR_PATH}/Podfile.lock",
				"${PODS_ROOT}/Manifest.lock",
			);
			name = "[CP] Check Pods Manifest.lock";
			outputFileListPaths = (
			);
			outputPaths = (
				"$(DERIVED_FILE_DIR)/Pods-C41Demo-C41DemoUITests-checkManifestLockResult.txt",
			);
			runOnlyForDeploymentPostprocessing = 0;
			shellPath = /bin/sh;
			shellScript = "diff \"${PODS_PODFILE_DIR_PATH}/Podfile.lock\" \"${PODS_ROOT}/Manifest.lock\" > /dev/null\nif [ $? != 0 ] ; then\n    # print error to STDERR\n    echo \"error: The sandbox is not in sync with the Podfile.lock. Run 'pod install' or update your CocoaPods installation.\" >&2\n    exit 1\nfi\n# This output is used by Xcode 'outputs' to avoid re-running this script phase.\necho \"SUCCESS\" > \"${SCRIPT_OUTPUT_FILE_0}\"\n";
			showEnvVarsInLog = 0;
		};
		D86D07FFAFCCCA9D0B8F9C0D /* [CP] Check Pods Manifest.lock */ = {
			isa = PBXShellScriptBuildPhase;
			buildActionMask = 2147483647;
			files = (
			);
			inputFileListPaths = (
			);
			inputPaths = (
				"${PODS_PODFILE_DIR_PATH}/Podfile.lock",
				"${PODS_ROOT}/Manifest.lock",
			);
			name = "[CP] Check Pods Manifest.lock";
			outputFileListPaths = (
			);
			outputPaths = (
				"$(DERIVED_FILE_DIR)/Pods-C41Demo-checkManifestLockResult.txt",
			);
			runOnlyForDeploymentPostprocessing = 0;
			shellPath = /bin/sh;
			shellScript = "diff \"${PODS_PODFILE_DIR_PATH}/Podfile.lock\" \"${PODS_ROOT}/Manifest.lock\" > /dev/null\nif [ $? != 0 ] ; then\n    # print error to STDERR\n    echo \"error: The sandbox is not in sync with the Podfile.lock. Run 'pod install' or update your CocoaPods installation.\" >&2\n    exit 1\nfi\n# This output is used by Xcode 'outputs' to avoid re-running this script phase.\necho \"SUCCESS\" > \"${SCRIPT_OUTPUT_FILE_0}\"\n";
			showEnvVarsInLog = 0;
		};
/* End PBXShellScriptBuildPhase section */

/* Begin PBXSourcesBuildPhase section */
		E4BD87042CB6843B001D0C96 /* Sources */ = {
			isa = PBXSourcesBuildPhase;
			buildActionMask = 2147483647;
			files = (
				E4BD87742CB6A08A001D0C96 /* AppDelegate.m in Sources */,
				E4BD87752CB6A08A001D0C96 /* main.m in Sources */,
				E4BD87802CB7B82F001D0C96 /* QYDataCacheStore.m in Sources */,
				E4BD87762CB6A08A001D0C96 /* SceneDelegate.m in Sources */,
				E4BD87772CB6A08A001D0C96 /* ViewController.m in Sources */,
			);
			runOnlyForDeploymentPostprocessing = 0;
		};
		E4BD871F2CB6843E001D0C96 /* Sources */ = {
			isa = PBXSourcesBuildPhase;
			buildActionMask = 2147483647;
			files = (
			);
			runOnlyForDeploymentPostprocessing = 0;
		};
		E4BD87292CB6843E001D0C96 /* Sources */ = {
			isa = PBXSourcesBuildPhase;
			buildActionMask = 2147483647;
			files = (
			);
			runOnlyForDeploymentPostprocessing = 0;
		};
/* End PBXSourcesBuildPhase section */

/* Begin PBXTargetDependency section */
		E4BD87252CB6843E001D0C96 /* PBXTargetDependency */ = {
			isa = PBXTargetDependency;
			target = E4BD87072CB6843B001D0C96 /* C41Demo */;
			targetProxy = E4BD87242CB6843E001D0C96 /* PBXContainerItemProxy */;
		};
		E4BD872F2CB6843E001D0C96 /* PBXTargetDependency */ = {
			isa = PBXTargetDependency;
			target = E4BD87072CB6843B001D0C96 /* C41Demo */;
			targetProxy = E4BD872E2CB6843E001D0C96 /* PBXContainerItemProxy */;
		};
/* End PBXTargetDependency section */

/* Begin PBXVariantGroup section */
		E4BD876B2CB6A08A001D0C96 /* LaunchScreen.storyboard */ = {
			isa = PBXVariantGroup;
			children = (
				E4BD876A2CB6A08A001D0C96 /* Base */,
			);
			name = LaunchScreen.storyboard;
			sourceTree = "<group>";
		};
		E4BD876E2CB6A08A001D0C96 /* Main.storyboard */ = {
			isa = PBXVariantGroup;
			children = (
				E4BD876D2CB6A08A001D0C96 /* Base */,
			);
			name = Main.storyboard;
			sourceTree = "<group>";
		};
/* End PBXVariantGroup section */

/* Begin XCBuildConfiguration section */
		E4BD87372CB6843E001D0C96 /* Debug */ = {
			isa = XCBuildConfiguration;
			baseConfigurationReference = 7E60660A64008640E27E1558 /* Pods-C41Demo.debug.xcconfig */;
			buildSettings = {
				ASSETCATALOG_COMPILER_APPICON_NAME = AppIcon;
				ASSETCATALOG_COMPILER_GLOBAL_ACCENT_COLOR_NAME = AccentColor;
				CODE_SIGN_STYLE = Automatic;
				CURRENT_PROJECT_VERSION = 1;
				DEVELOPMENT_TEAM = A79PYS926V;
				GENERATE_INFOPLIST_FILE = YES;
				INFOPLIST_FILE = C41Demo/Info.plist;
				INFOPLIST_KEY_UIApplicationSupportsIndirectInputEvents = YES;
				INFOPLIST_KEY_UILaunchStoryboardName = LaunchScreen;
				INFOPLIST_KEY_UIMainStoryboardFile = Main;
				INFOPLIST_KEY_UISupportedInterfaceOrientations_iPad = "UIInterfaceOrientationPortrait UIInterfaceOrientationPortraitUpsideDown UIInterfaceOrientationLandscapeLeft UIInterfaceOrientationLandscapeRight";
				INFOPLIST_KEY_UISupportedInterfaceOrientations_iPhone = "UIInterfaceOrientationPortrait UIInterfaceOrientationLandscapeLeft UIInterfaceOrientationLandscapeRight";
				LD_RUNPATH_SEARCH_PATHS = (
					"$(inherited)",
					"@executable_path/Frameworks",
				);
				MARKETING_VERSION = 1.0;
				PRODUCT_BUNDLE_IDENTIFIER = com.quinn.C41Demo;
				PRODUCT_NAME = "$(TARGET_NAME)";
				SWIFT_EMIT_LOC_STRINGS = YES;
				TARGETED_DEVICE_FAMILY = "1,2";
			};
			name = Debug;
		};
		E4BD87382CB6843E001D0C96 /* Release */ = {
			isa = XCBuildConfiguration;
			baseConfigurationReference = 7F08960BF0E39CC3C7A487FE /* Pods-C41Demo.release.xcconfig */;
			buildSettings = {
				ASSETCATALOG_COMPILER_APPICON_NAME = AppIcon;
				ASSETCATALOG_COMPILER_GLOBAL_ACCENT_COLOR_NAME = AccentColor;
				CODE_SIGN_STYLE = Automatic;
				CURRENT_PROJECT_VERSION = 1;
				DEVELOPMENT_TEAM = A79PYS926V;
				GENERATE_INFOPLIST_FILE = YES;
				INFOPLIST_FILE = C41Demo/Info.plist;
				INFOPLIST_KEY_UIApplicationSupportsIndirectInputEvents = YES;
				INFOPLIST_KEY_UILaunchStoryboardName = LaunchScreen;
				INFOPLIST_KEY_UIMainStoryboardFile = Main;
				INFOPLIST_KEY_UISupportedInterfaceOrientations_iPad = "UIInterfaceOrientationPortrait UIInterfaceOrientationPortraitUpsideDown UIInterfaceOrientationLandscapeLeft UIInterfaceOrientationLandscapeRight";
				INFOPLIST_KEY_UISupportedInterfaceOrientations_iPhone = "UIInterfaceOrientationPortrait UIInterfaceOrientationLandscapeLeft UIInterfaceOrientationLandscapeRight";
				LD_RUNPATH_SEARCH_PATHS = (
					"$(inherited)",
					"@executable_path/Frameworks",
				);
				MARKETING_VERSION = 1.0;
				PRODUCT_BUNDLE_IDENTIFIER = com.quinn.C41Demo;
				PRODUCT_NAME = "$(TARGET_NAME)";
				SWIFT_EMIT_LOC_STRINGS = YES;
				TARGETED_DEVICE_FAMILY = "1,2";
			};
			name = Release;
		};
		E4BD87392CB6843E001D0C96 /* Debug */ = {
			isa = XCBuildConfiguration;
			buildSettings = {
				ALWAYS_SEARCH_USER_PATHS = NO;
				ASSETCATALOG_COMPILER_GENERATE_SWIFT_ASSET_SYMBOL_EXTENSIONS = YES;
				CLANG_ANALYZER_NONNULL = YES;
				CLANG_ANALYZER_NUMBER_OBJECT_CONVERSION = YES_AGGRESSIVE;
				CLANG_CXX_LANGUAGE_STANDARD = "gnu++20";
				CLANG_ENABLE_MODULES = YES;
				CLANG_ENABLE_OBJC_ARC = YES;
				CLANG_ENABLE_OBJC_WEAK = YES;
				CLANG_WARN_BLOCK_CAPTURE_AUTORELEASING = YES;
				CLANG_WARN_BOOL_CONVERSION = YES;
				CLANG_WARN_COMMA = YES;
				CLANG_WARN_CONSTANT_CONVERSION = YES;
				CLANG_WARN_DEPRECATED_OBJC_IMPLEMENTATIONS = YES;
				CLANG_WARN_DIRECT_OBJC_ISA_USAGE = YES_ERROR;
				CLANG_WARN_DOCUMENTATION_COMMENTS = YES;
				CLANG_WARN_EMPTY_BODY = YES;
				CLANG_WARN_ENUM_CONVERSION = YES;
				CLANG_WARN_INFINITE_RECURSION = YES;
				CLANG_WARN_INT_CONVERSION = YES;
				CLANG_WARN_NON_LITERAL_NULL_CONVERSION = YES;
				CLANG_WARN_OBJC_IMPLICIT_RETAIN_SELF = YES;
				CLANG_WARN_OBJC_LITERAL_CONVERSION = YES;
				CLANG_WARN_OBJC_ROOT_CLASS = YES_ERROR;
				CLANG_WARN_QUOTED_INCLUDE_IN_FRAMEWORK_HEADER = YES;
				CLANG_WARN_RANGE_LOOP_ANALYSIS = YES;
				CLANG_WARN_STRICT_PROTOTYPES = YES;
				CLANG_WARN_SUSPICIOUS_MOVE = YES;
				CLANG_WARN_UNGUARDED_AVAILABILITY = YES_AGGRESSIVE;
				CLANG_WARN_UNREACHABLE_CODE = YES;
				CLANG_WARN__DUPLICATE_METHOD_MATCH = YES;
				COPY_PHASE_STRIP = NO;
				DEBUG_INFORMATION_FORMAT = dwarf;
				ENABLE_STRICT_OBJC_MSGSEND = YES;
				ENABLE_TESTABILITY = YES;
				ENABLE_USER_SCRIPT_SANDBOXING = YES;
				GCC_C_LANGUAGE_STANDARD = gnu17;
				GCC_DYNAMIC_NO_PIC = NO;
				GCC_NO_COMMON_BLOCKS = YES;
				GCC_OPTIMIZATION_LEVEL = 0;
				GCC_PREPROCESSOR_DEFINITIONS = (
					"DEBUG=1",
					"$(inherited)",
				);
				GCC_WARN_64_TO_32_BIT_CONVERSION = YES;
				GCC_WARN_ABOUT_RETURN_TYPE = YES_ERROR;
				GCC_WARN_UNDECLARED_SELECTOR = YES;
				GCC_WARN_UNINITIALIZED_AUTOS = YES_AGGRESSIVE;
				GCC_WARN_UNUSED_FUNCTION = YES;
				GCC_WARN_UNUSED_VARIABLE = YES;
				IPHONEOS_DEPLOYMENT_TARGET = 9.0;
				LOCALIZATION_PREFERS_STRING_CATALOGS = YES;
				MTL_ENABLE_DEBUG_INFO = INCLUDE_SOURCE;
				MTL_FAST_MATH = YES;
				ONLY_ACTIVE_ARCH = YES;
				SDKROOT = iphoneos;
			};
			name = Debug;
		};
		E4BD873A2CB6843E001D0C96 /* Release */ = {
			isa = XCBuildConfiguration;
			buildSettings = {
				ALWAYS_SEARCH_USER_PATHS = NO;
				ASSETCATALOG_COMPILER_GENERATE_SWIFT_ASSET_SYMBOL_EXTENSIONS = YES;
				CLANG_ANALYZER_NONNULL = YES;
				CLANG_ANALYZER_NUMBER_OBJECT_CONVERSION = YES_AGGRESSIVE;
				CLANG_CXX_LANGUAGE_STANDARD = "gnu++20";
				CLANG_ENABLE_MODULES = YES;
				CLANG_ENABLE_OBJC_ARC = YES;
				CLANG_ENABLE_OBJC_WEAK = YES;
				CLANG_WARN_BLOCK_CAPTURE_AUTORELEASING = YES;
				CLANG_WARN_BOOL_CONVERSION = YES;
				CLANG_WARN_COMMA = YES;
				CLANG_WARN_CONSTANT_CONVERSION = YES;
				CLANG_WARN_DEPRECATED_OBJC_IMPLEMENTATIONS = YES;
				CLANG_WARN_DIRECT_OBJC_ISA_USAGE = YES_ERROR;
				CLANG_WARN_DOCUMENTATION_COMMENTS = YES;
				CLANG_WARN_EMPTY_BODY = YES;
				CLANG_WARN_ENUM_CONVERSION = YES;
				CLANG_WARN_INFINITE_RECURSION = YES;
				CLANG_WARN_INT_CONVERSION = YES;
				CLANG_WARN_NON_LITERAL_NULL_CONVERSION = YES;
				CLANG_WARN_OBJC_IMPLICIT_RETAIN_SELF = YES;
				CLANG_WARN_OBJC_LITERAL_CONVERSION = YES;
				CLANG_WARN_OBJC_ROOT_CLASS = YES_ERROR;
				CLANG_WARN_QUOTED_INCLUDE_IN_FRAMEWORK_HEADER = YES;
				CLANG_WARN_RANGE_LOOP_ANALYSIS = YES;
				CLANG_WARN_STRICT_PROTOTYPES = YES;
				CLANG_WARN_SUSPICIOUS_MOVE = YES;
				CLANG_WARN_UNGUARDED_AVAILABILITY = YES_AGGRESSIVE;
				CLANG_WARN_UNREACHABLE_CODE = YES;
				CLANG_WARN__DUPLICATE_METHOD_MATCH = YES;
				COPY_PHASE_STRIP = NO;
				DEBUG_INFORMATION_FORMAT = "dwarf-with-dsym";
				ENABLE_NS_ASSERTIONS = NO;
				ENABLE_STRICT_OBJC_MSGSEND = YES;
				ENABLE_USER_SCRIPT_SANDBOXING = YES;
				GCC_C_LANGUAGE_STANDARD = gnu17;
				GCC_NO_COMMON_BLOCKS = YES;
				GCC_WARN_64_TO_32_BIT_CONVERSION = YES;
				GCC_WARN_ABOUT_RETURN_TYPE = YES_ERROR;
				GCC_WARN_UNDECLARED_SELECTOR = YES;
				GCC_WARN_UNINITIALIZED_AUTOS = YES_AGGRESSIVE;
				GCC_WARN_UNUSED_FUNCTION = YES;
				GCC_WARN_UNUSED_VARIABLE = YES;
				IPHONEOS_DEPLOYMENT_TARGET = 9.0;
				LOCALIZATION_PREFERS_STRING_CATALOGS = YES;
				MTL_ENABLE_DEBUG_INFO = NO;
				MTL_FAST_MATH = YES;
				SDKROOT = iphoneos;
				VALIDATE_PRODUCT = YES;
			};
			name = Release;
		};
		E4BD873C2CB6843E001D0C96 /* Debug */ = {
			isa = XCBuildConfiguration;
			baseConfigurationReference = 345BA4F0DE9AD5388F3A0CB6 /* Pods-C41DemoTests.debug.xcconfig */;
			buildSettings = {
				BUNDLE_LOADER = "$(TEST_HOST)";
				CODE_SIGN_STYLE = Automatic;
				CURRENT_PROJECT_VERSION = 1;
				DEVELOPMENT_TEAM = A79PYS926V;
				GENERATE_INFOPLIST_FILE = YES;
				IPHONEOS_DEPLOYMENT_TARGET = 18.0;
				MARKETING_VERSION = 1.0;
				PRODUCT_BUNDLE_IDENTIFIER = com.quinn.C41DemoTests;
				PRODUCT_NAME = "$(TARGET_NAME)";
				SWIFT_EMIT_LOC_STRINGS = NO;
				TARGETED_DEVICE_FAMILY = "1,2";
				TEST_HOST = "$(BUILT_PRODUCTS_DIR)/C41Demo.app/$(BUNDLE_EXECUTABLE_FOLDER_PATH)/C41Demo";
			};
			name = Debug;
		};
		E4BD873D2CB6843E001D0C96 /* Release */ = {
			isa = XCBuildConfiguration;
			baseConfigurationReference = 4C22AF5319FB1E02E6B1756B /* Pods-C41DemoTests.release.xcconfig */;
			buildSettings = {
				BUNDLE_LOADER = "$(TEST_HOST)";
				CODE_SIGN_STYLE = Automatic;
				CURRENT_PROJECT_VERSION = 1;
				DEVELOPMENT_TEAM = A79PYS926V;
				GENERATE_INFOPLIST_FILE = YES;
				IPHONEOS_DEPLOYMENT_TARGET = 18.0;
				MARKETING_VERSION = 1.0;
				PRODUCT_BUNDLE_IDENTIFIER = com.quinn.C41DemoTests;
				PRODUCT_NAME = "$(TARGET_NAME)";
				SWIFT_EMIT_LOC_STRINGS = NO;
				TARGETED_DEVICE_FAMILY = "1,2";
				TEST_HOST = "$(BUILT_PRODUCTS_DIR)/C41Demo.app/$(BUNDLE_EXECUTABLE_FOLDER_PATH)/C41Demo";
			};
			name = Release;
		};
		E4BD873F2CB6843E001D0C96 /* Debug */ = {
			isa = XCBuildConfiguration;
			baseConfigurationReference = 0036883C8ECE1930242C744D /* Pods-C41Demo-C41DemoUITests.debug.xcconfig */;
			buildSettings = {
				CODE_SIGN_STYLE = Automatic;
				CURRENT_PROJECT_VERSION = 1;
				DEVELOPMENT_TEAM = A79PYS926V;
				GENERATE_INFOPLIST_FILE = YES;
				MARKETING_VERSION = 1.0;
				PRODUCT_BUNDLE_IDENTIFIER = com.quinn.C41DemoUITests;
				PRODUCT_NAME = "$(TARGET_NAME)";
				SWIFT_EMIT_LOC_STRINGS = NO;
				TARGETED_DEVICE_FAMILY = "1,2";
				TEST_TARGET_NAME = C41Demo;
			};
			name = Debug;
		};
		E4BD87402CB6843E001D0C96 /* Release */ = {
			isa = XCBuildConfiguration;
			baseConfigurationReference = 5FE5CE2E6CC3A895CED922EC /* Pods-C41Demo-C41DemoUITests.release.xcconfig */;
			buildSettings = {
				CODE_SIGN_STYLE = Automatic;
				CURRENT_PROJECT_VERSION = 1;
				DEVELOPMENT_TEAM = A79PYS926V;
				GENERATE_INFOPLIST_FILE = YES;
				MARKETING_VERSION = 1.0;
				PRODUCT_BUNDLE_IDENTIFIER = com.quinn.C41DemoUITests;
				PRODUCT_NAME = "$(TARGET_NAME)";
				SWIFT_EMIT_LOC_STRINGS = NO;
				TARGETED_DEVICE_FAMILY = "1,2";
				TEST_TARGET_NAME = C41Demo;
			};
			name = Release;
		};
/* End XCBuildConfiguration section */

/* Begin XCConfigurationList section */
		E4BD87032CB6843B001D0C96 /* Build configuration list for PBXProject "C41Demo" */ = {
			isa = XCConfigurationList;
			buildConfigurations = (
				E4BD87392CB6843E001D0C96 /* Debug */,
				E4BD873A2CB6843E001D0C96 /* Release */,
			);
			defaultConfigurationIsVisible = 0;
			defaultConfigurationName = Release;
		};
		E4BD87362CB6843E001D0C96 /* Build configuration list for PBXNativeTarget "C41Demo" */ = {
			isa = XCConfigurationList;
			buildConfigurations = (
				E4BD87372CB6843E001D0C96 /* Debug */,
				E4BD87382CB6843E001D0C96 /* Release */,
			);
			defaultConfigurationIsVisible = 0;
			defaultConfigurationName = Release;
		};
		E4BD873B2CB6843E001D0C96 /* Build configuration list for PBXNativeTarget "C41DemoTests" */ = {
			isa = XCConfigurationList;
			buildConfigurations = (
				E4BD873C2CB6843E001D0C96 /* Debug */,
				E4BD873D2CB6843E001D0C96 /* Release */,
			);
			defaultConfigurationIsVisible = 0;
			defaultConfigurationName = Release;
		};
		E4BD873E2CB6843E001D0C96 /* Build configuration list for PBXNativeTarget "C41DemoUITests" */ = {
			isa = XCConfigurationList;
			buildConfigurations = (
				E4BD873F2CB6843E001D0C96 /* Debug */,
				E4BD87402CB6843E001D0C96 /* Release */,
			);
			defaultConfigurationIsVisible = 0;
			defaultConfigurationName = Release;
		};
/* End XCConfigurationList section */
	};
	rootObject = E4BD87002CB6843B001D0C96 /* Project object */;
}
